
Microsoft Visual Studio Solution File, Format Version 12.00
# Visual Studio Version 16
VisualStudioVersion = 16.0.30717.126
MinimumVisualStudioVersion = 10.0.40219.1
Project("{9A19103F-16F7-4668-BE54-9A1E7A4F7556}") = "DurableOne", "DurableOne\DurableOne.csproj", "{CEB48613-3F67-4836-B9C6-76C150DD4D78}"
EndProject
Project("{9A19103F-16F7-4668-BE54-9A1E7A4F7556}") = "DockerConsole", "DockerConsole\DockerConsole.csproj", "{4F3C7842-5AF3-4EF6-B54F-2F0B7038CD8B}"
EndProject
Global
	GlobalSection(SolutionConfigurationPlatforms) = preSolution
		Debug|Any CPU = Debug|Any CPU
		Release|Any CPU = Release|Any CPU
	EndGlobalSection
	GlobalSection(ProjectConfigurationPlatforms) = postSolution
		{CEB48613-3F67-4836-B9C6-76C150DD4D78}.Debug|Any CPU.ActiveCfg = Debug|Any CPU
		{CEB48613-3F67-4836-B9C6-76C150DD4D78}.Debug|Any CPU.Build.0 = Debug|Any CPU
		{CEB48613-3F67-4836-B9C6-76C150DD4D78}.Release|Any CPU.ActiveCfg = Release|Any CPU
		{CEB48613-3F67-4836-B9C6-76C150DD4D78}.Release|Any CPU.Build.0 = Release|Any CPU
		{4F3C7842-5AF3-4EF6-B54F-2F0B7038CD8B}.Debug|Any CPU.ActiveCfg = Debug|Any CPU
		{4F3C7842-5AF3-4EF6-B54F-2F0B7038CD8B}.Debug|Any CPU.Build.0 = Debug|Any CPU
		{4F3C7842-5AF3-4EF6-B54F-2F0B7038CD8B}.Release|Any CPU.ActiveCfg = Release|Any CPU
		{4F3C7842-5AF3-4EF6-B54F-2F0B7038CD8B}.Release|Any CPU.Build.0 = Release|Any CPU
	EndGlobalSection
	GlobalSection(SolutionProperties) = preSolution
		HideSolutionNode = FALSE
	EndGlobalSection
	GlobalSection(ExtensibilityGlobals) = postSolution
		SolutionGuid = {E8521E77-308B-43A1-80E5-C847D4870E1B}
	EndGlobalSection
EndGlobal
